Microsoft Visual Studio Solution File, Format Version 12.00
# Visual Studio Version 17
VisualStudioVersion = 17.5.2.0
MinimumVisualStudioVersion = 10.0.40219.1
Project("{2150E333-8FDC-42A3-9474-1A3956D46DE8}") = "services", "services", "{5854FF58-B8C5-05C6-5BF2-ACE42193F22B}"
EndProject
Project("{2150E333-8FDC-42A3-9474-1A3956D46DE8}") = "Service02", "Service02", "{537E13AA-4875-B602-1A7B-DFF4E710E067}"
EndProject
Project("{2150E333-8FDC-42A3-9474-1A3956D46DE8}") = "src", "src", "{D6A5C28A-28D0-B379-FDB2-4292EB647C47}"
EndProject
Project("{FAE04EC0-301F-11D3-BF4B-00C04F79EFBC}") = "Service02", "services\Service02\src\Service02.csproj", "{F6075117-CF18-9A7A-63A9-B6B49D97AF8D}"
EndProject
Project("{2150E333-8FDC-42A3-9474-1A3956D46DE8}") = "Shared", "Shared", "{A5EA1F1E-CB03-3F21-7936-AD93D9E269C9}"
EndProject
Project("{2150E333-8FDC-42A3-9474-1A3956D46DE8}") = "src", "src", "{D1C72964-47F5-75CC-64C0-065AB94ECBF8}"
EndProject
Project("{FAE04EC0-301F-11D3-BF4B-00C04F79EFBC}") = "Shared", "services\Shared\src\Shared.csproj", "{7F63CCB8-C00A-77D1-52BC-840B8CD34295}"
EndProject
Project("{2150E333-8FDC-42A3-9474-1A3956D46DE8}") = "Service01", "Service01", "{74B8773A-BA36-901E-FCD9-E60B8C28BE93}"
EndProject
Project("{2150E333-8FDC-42A3-9474-1A3956D46DE8}") = "src", "src", "{4C03AE9B-7C0D-05B6-F6C4-AA36B70DBF5A}"
EndProject
Project("{FAE04EC0-301F-11D3-BF4B-00C04F79EFBC}") = "Service01", "services\Service01\src\Service01\Service01.csproj", "{1BC1D8BF-80BC-61A7-22A7-01C725ACB571}"
EndProject
Global
	GlobalSection(SolutionConfigurationPlatforms) = preSolution
		Debug|Any CPU = Debug|Any CPU
		Release|Any CPU = Release|Any CPU
	EndGlobalSection
	GlobalSection(ProjectConfigurationPlatforms) = postSolution
		{F6075117-CF18-9A7A-63A9-B6B49D97AF8D}.Debug|Any CPU.ActiveCfg = Debug|Any CPU
		{F6075117-CF18-9A7A-63A9-B6B49D97AF8D}.Debug|Any CPU.Build.0 = Debug|Any CPU
		{F6075117-CF18-9A7A-63A9-B6B49D97AF8D}.Release|Any CPU.ActiveCfg = Release|Any CPU
		{F6075117-CF18-9A7A-63A9-B6B49D97AF8D}.Release|Any CPU.Build.0 = Release|Any CPU
		{7F63CCB8-C00A-77D1-52BC-840B8CD34295}.Debug|Any CPU.ActiveCfg = Debug|Any CPU
		{7F63CCB8-C00A-77D1-52BC-840B8CD34295}.Debug|Any CPU.Build.0 = Debug|Any CPU
		{7F63CCB8-C00A-77D1-52BC-840B8CD34295}.Release|Any CPU.ActiveCfg = Release|Any CPU
		{7F63CCB8-C00A-77D1-52BC-840B8CD34295}.Release|Any CPU.Build.0 = Release|Any CPU
		{1BC1D8BF-80BC-61A7-22A7-01C725ACB571}.Debug|Any CPU.ActiveCfg = Debug|Any CPU
		{1BC1D8BF-80BC-61A7-22A7-01C725ACB571}.Debug|Any CPU.Build.0 = Debug|Any CPU
		{1BC1D8BF-80BC-61A7-22A7-01C725ACB571}.Release|Any CPU.ActiveCfg = Release|Any CPU
		{1BC1D8BF-80BC-61A7-22A7-01C725ACB571}.Release|Any CPU.Build.0 = Release|Any CPU
	EndGlobalSection
	GlobalSection(SolutionProperties) = preSolution
		HideSolutionNode = FALSE
	EndGlobalSection
	GlobalSection(NestedProjects) = preSolution
		{537E13AA-4875-B602-1A7B-DFF4E710E067} = {5854FF58-B8C5-05C6-5BF2-ACE42193F22B}
		{D6A5C28A-28D0-B379-FDB2-4292EB647C47} = {537E13AA-4875-B602-1A7B-DFF4E710E067}
		{F6075117-CF18-9A7A-63A9-B6B49D97AF8D} = {D6A5C28A-28D0-B379-FDB2-4292EB647C47}
		{A5EA1F1E-CB03-3F21-7936-AD93D9E269C9} = {5854FF58-B8C5-05C6-5BF2-ACE42193F22B}
		{D1C72964-47F5-75CC-64C0-065AB94ECBF8} = {A5EA1F1E-CB03-3F21-7936-AD93D9E269C9}
		{7F63CCB8-C00A-77D1-52BC-840B8CD34295} = {D1C72964-47F5-75CC-64C0-065AB94ECBF8}
		{74B8773A-BA36-901E-FCD9-E60B8C28BE93} = {5854FF58-B8C5-05C6-5BF2-ACE42193F22B}
		{4C03AE9B-7C0D-05B6-F6C4-AA36B70DBF5A} = {74B8773A-BA36-901E-FCD9-E60B8C28BE93}
		{1BC1D8BF-80BC-61A7-22A7-01C725ACB571} = {4C03AE9B-7C0D-05B6-F6C4-AA36B70DBF5A}
	EndGlobalSection
	GlobalSection(ExtensibilityGlobals) = postSolution
		SolutionGuid = {22334C85-D984-499B-90EB-BF845E42EF7A}
	EndGlobalSection
EndGlobal
